
Microsoft Visual Studio Solution File, Format Version 12.00
# Visual Studio Version 17
VisualStudioVersion = 17.3.32929.385
MinimumVisualStudioVersion = 10.0.40219.1
Project("{FAE04EC0-301F-11D3-BF4B-00C04F79EFBC}") = "book_manager", "book_manager.csproj", "{1798C10D-3EDE-43A0-BDDA-70F3FAA99E31}"
EndProject
Global
	GlobalSection(SolutionConfigurationPlatforms) = preSolution
		Debug|Any CPU = Debug|Any CPU
		Release|Any CPU = Release|Any CPU
	EndGlobalSection
	GlobalSection(ProjectConfigurationPlatforms) = postSolution
		{1798C10D-3EDE-43A0-BDDA-70F3FAA99E31}.Debug|Any CPU.ActiveCfg = Debug|Any CPU
		{1798C10D-3EDE-43A0-BDDA-70F3FAA99E31}.Debug|Any CPU.Build.0 = Debug|Any CPU
		{1798C10D-3EDE-43A0-BDDA-70F3FAA99E31}.Release|Any CPU.ActiveCfg = Release|Any CPU
		{1798C10D-3EDE-43A0-BDDA-70F3FAA99E31}.Release|Any CPU.Build.0 = Release|Any CPU
	EndGlobalSection
	GlobalSection(SolutionProperties) = preSolution
		HideSolutionNode = FALSE
	EndGlobalSection
	GlobalSection(ExtensibilityGlobals) = postSolution
		SolutionGuid = {F7FF71A9-36A1-4B2A-9B62-D2CEF483EEB1}
	EndGlobalSection
EndGlobal
