
Microsoft Visual Studio Solution File, Format Version 12.00
# Visual Studio Version 17
VisualStudioVersion = 17.0.31903.59
MinimumVisualStudioVersion = 10.0.40219.1
Project("{9A19103F-16F7-4668-BE54-9A1E7A4F7556}") = "RPC", "RPC\RPC.csproj", "{01E52E7B-A937-439A-9411-EF034BEDF143}"
EndProject
Project("{9A19103F-16F7-4668-BE54-9A1E7A4F7556}") = "Cilent", "Cilent\Cilent.csproj", "{A363CEDC-8A6F-41F5-ADAC-7958113F2B94}"
EndProject
Project("{FAE04EC0-301F-11D3-BF4B-00C04F79EFBC}") = "webapi", "webapi\webapi.csproj", "{A90F4211-79A0-4E5E-937A-213639416088}"
EndProject
Global
	GlobalSection(SolutionConfigurationPlatforms) = preSolution
		Debug|Any CPU = Debug|Any CPU
		Release|Any CPU = Release|Any CPU
	EndGlobalSection
	GlobalSection(ProjectConfigurationPlatforms) = postSolution
		{01E52E7B-A937-439A-9411-EF034BEDF143}.Debug|Any CPU.ActiveCfg = Debug|Any CPU
		{01E52E7B-A937-439A-9411-EF034BEDF143}.Debug|Any CPU.Build.0 = Debug|Any CPU
		{01E52E7B-A937-439A-9411-EF034BEDF143}.Release|Any CPU.ActiveCfg = Release|Any CPU
		{01E52E7B-A937-439A-9411-EF034BEDF143}.Release|Any CPU.Build.0 = Release|Any CPU
		{A363CEDC-8A6F-41F5-ADAC-7958113F2B94}.Debug|Any CPU.ActiveCfg = Debug|Any CPU
		{A363CEDC-8A6F-41F5-ADAC-7958113F2B94}.Debug|Any CPU.Build.0 = Debug|Any CPU
		{A363CEDC-8A6F-41F5-ADAC-7958113F2B94}.Release|Any CPU.ActiveCfg = Release|Any CPU
		{A363CEDC-8A6F-41F5-ADAC-7958113F2B94}.Release|Any CPU.Build.0 = Release|Any CPU
		{A90F4211-79A0-4E5E-937A-213639416088}.Debug|Any CPU.ActiveCfg = Debug|Any CPU
		{A90F4211-79A0-4E5E-937A-213639416088}.Debug|Any CPU.Build.0 = Debug|Any CPU
		{A90F4211-79A0-4E5E-937A-213639416088}.Release|Any CPU.ActiveCfg = Release|Any CPU
		{A90F4211-79A0-4E5E-937A-213639416088}.Release|Any CPU.Build.0 = Release|Any CPU
	EndGlobalSection
	GlobalSection(SolutionProperties) = preSolution
		HideSolutionNode = FALSE
	EndGlobalSection
	GlobalSection(ExtensibilityGlobals) = postSolution
		SolutionGuid = {943FD7EE-5224-42E6-81FB-4F69D18C20B4}
	EndGlobalSection
EndGlobal
